// !$*UTF8*$!
{
	archiveVersion = 1;
	classes = {
	};
	objectVersion = 46;
	objects = {

/* Begin PBXBuildFile section */
		066D528C18535CD40028EEE9 /* WordGenerator.m in Sources */ = {isa = PBXBuildFile; fileRef = 066D528B18535CD40028EEE9 /* WordGenerator.m */; };
		066D528F1853631E0028EEE9 /* GVTableViewController.m in Sources */ = {isa = PBXBuildFile; fileRef = 066D528E1853631E0028EEE9 /* GVTableViewController.m */; };
		E43B07BB1849B37D00C93772 /* Foundation.framework in Frameworks */ = {isa = PBXBuildFile; fileRef = E43B07BA1849B37D00C93772 /* Foundation.framework */; };
		E43B07BD1849B37D00C93772 /* CoreGraphics.framework in Frameworks */ = {isa = PBXBuildFile; fileRef = E43B07BC1849B37D00C93772 /* CoreGraphics.framework */; };
		E43B07BF1849B37D00C93772 /* UIKit.framework in Frameworks */ = {isa = PBXBuildFile; fileRef = E43B07BE1849B37D00C93772 /* UIKit.framework */; };
		E43B07C51849B37D00C93772 /* InfoPlist.strings in Resources */ = {isa = PBXBuildFile; fileRef = E43B07C31849B37D00C93772 /* InfoPlist.strings */; };
		E43B07C71849B37D00C93772 /* main.m in Sources */ = {isa = PBXBuildFile; fileRef = E43B07C61849B37D00C93772 /* main.m */; };
		E43B07CB1849B37D00C93772 /* GVAppDelegate.m in Sources */ = {isa = PBXBuildFile; fileRef = E43B07CA1849B37D00C93772 /* GVAppDelegate.m */; };
		E43B07CE1849B37D00C93772 /* Main.storyboard in Resources */ = {isa = PBXBuildFile; fileRef = E43B07CC1849B37D00C93772 /* Main.storyboard */; };
		E43B07D11849B37D00C93772 /* GVViewController.m in Sources */ = {isa = PBXBuildFile; fileRef = E43B07D01849B37D00C93772 /* GVViewController.m */; };
		E43B07D31849B37D00C93772 /* Images.xcassets in Resources */ = {isa = PBXBuildFile; fileRef = E43B07D21849B37D00C93772 /* Images.xcassets */; };
		E43B07DA1849B37D00C93772 /* XCTest.framework in Frameworks */ = {isa = PBXBuildFile; fileRef = E43B07D91849B37D00C93772 /* XCTest.framework */; };
		E43B07DB1849B37D00C93772 /* Foundation.framework in Frameworks */ = {isa = PBXBuildFile; fileRef = E43B07BA1849B37D00C93772 /* Foundation.framework */; };
		E43B07DC1849B37D00C93772 /* UIKit.framework in Frameworks */ = {isa = PBXBuildFile; fileRef = E43B07BE1849B37D00C93772 /* UIKit.framework */; };
		E43B07E41849B37D00C93772 /* InfoPlist.strings in Resources */ = {isa = PBXBuildFile; fileRef = E43B07E21849B37D00C93772 /* InfoPlist.strings */; };
		E43B07E61849B37D00C93772 /* GREVocabTests.m in Sources */ = {isa = PBXBuildFile; fileRef = E43B07E51849B37D00C93772 /* GREVocabTests.m */; };
		E9D1C2B288284117B49FCACC /* libPods.a in Frameworks */ = {isa = PBXBuildFile; fileRef = EA1718CFA90A42A89CE98790 /* libPods.a */; };
/* End PBXBuildFile section */

/* Begin PBXContainerItemProxy section */
		E43B07DD1849B37D00C93772 /* PBXContainerItemProxy */ = {
			isa = PBXContainerItemProxy;
			containerPortal = E43B07AF1849B37D00C93772 /* Project object */;
			proxyType = 1;
			remoteGlobalIDString = E43B07B61849B37D00C93772;
			remoteInfo = GREVocab;
		};
/* End PBXContainerItemProxy section */

/* Begin PBXFileReference section */
		066D528A18535CD40028EEE9 /* WordGenerator.h */ = {isa = PBXFileReference; fileEncoding = 4; lastKnownFileType = sourcecode.c.h; path = WordGenerator.h; sourceTree = "<group>"; };
		066D528B18535CD40028EEE9 /* WordGenerator.m */ = {isa = PBXFileReference; fileEncoding = 4; lastKnownFileType = sourcecode.c.objc; path = WordGenerator.m; sourceTree = "<group>"; };
		066D528D1853631E0028EEE9 /* GVTableViewController.h */ = {isa = PBXFileReference; fileEncoding = 4; lastKnownFileType = sourcecode.c.h; path = GVTableViewController.h; sourceTree = "<group>"; };
		066D528E1853631E0028EEE9 /* GVTableViewController.m */ = {isa = PBXFileReference; fileEncoding = 4; lastKnownFileType = sourcecode.c.objc; path = GVTableViewController.m; sourceTree = "<group>"; };
		0C808232E3DC4FC6A14F3A03 /* Pods.xcconfig */ = {isa = PBXFileReference; includeInIndex = 1; lastKnownFileType = text.xcconfig; name = Pods.xcconfig; path = Pods/Pods.xcconfig; sourceTree = "<group>"; };
		E43B07B71849B37D00C93772 /* GREVocab.app */ = {isa = PBXFileReference; explicitFileType = wrapper.application; includeInIndex = 0; path = GREVocab.app; sourceTree = BUILT_PRODUCTS_DIR; };
		E43B07BA1849B37D00C93772 /* Foundation.framework */ = {isa = PBXFileReference; lastKnownFileType = wrapper.framework; name = Foundation.framework; path = System/Library/Frameworks/Foundation.framework; sourceTree = SDKROOT; };
		E43B07BC1849B37D00C93772 /* CoreGraphics.framework */ = {isa = PBXFileReference; lastKnownFileType = wrapper.framework; name = CoreGraphics.framework; path = System/Library/Frameworks/CoreGraphics.framework; sourceTree = SDKROOT; };
		E43B07BE1849B37D00C93772 /* UIKit.framework */ = {isa = PBXFileReference; lastKnownFileType = wrapper.framework; name = UIKit.framework; path = System/Library/Frameworks/UIKit.framework; sourceTree = SDKROOT; };
		E43B07C21849B37D00C93772 /* GREVocab-Info.plist */ = {isa = PBXFileReference; lastKnownFileType = text.plist.xml; path = "GREVocab-Info.plist"; sourceTree = "<group>"; };
		E43B07C41849B37D00C93772 /* en */ = {isa = PBXFileReference; lastKnownFileType = text.plist.strings; name = en; path = en.lproj/InfoPlist.strings; sourceTree = "<group>"; };
		E43B07C61849B37D00C93772 /* main.m */ = {isa = PBXFileReference; lastKnownFileType = sourcecode.c.objc; path = main.m; sourceTree = "<group>"; };
		E43B07C81849B37D00C93772 /* GREVocab-Prefix.pch */ = {isa = PBXFileReference; lastKnownFileType = sourcecode.c.h; path = "GREVocab-Prefix.pch"; sourceTree = "<group>"; };
		E43B07C91849B37D00C93772 /* GVAppDelegate.h */ = {isa = PBXFileReference; lastKnownFileType = sourcecode.c.h; path = GVAppDelegate.h; sourceTree = "<group>"; };
		E43B07CA1849B37D00C93772 /* GVAppDelegate.m */ = {isa = PBXFileReference; lastKnownFileType = sourcecode.c.objc; path = GVAppDelegate.m; sourceTree = "<group>"; };
		E43B07CD1849B37D00C93772 /* Base */ = {isa = PBXFileReference; lastKnownFileType = file.storyboard; name = Base; path = Base.lproj/Main.storyboard; sourceTree = "<group>"; };
		E43B07CF1849B37D00C93772 /* GVViewController.h */ = {isa = PBXFileReference; lastKnownFileType = sourcecode.c.h; path = GVViewController.h; sourceTree = "<group>"; };
		E43B07D01849B37D00C93772 /* GVViewController.m */ = {isa = PBXFileReference; lastKnownFileType = sourcecode.c.objc; path = GVViewController.m; sourceTree = "<group>"; };
		E43B07D21849B37D00C93772 /* Images.xcassets */ = {isa = PBXFileReference; lastKnownFileType = folder.assetcatalog; path = Images.xcassets; sourceTree = "<group>"; };
		E43B07D81849B37D00C93772 /* GREVocabTests.xctest */ = {isa = PBXFileReference; explicitFileType = wrapper.cfbundle; includeInIndex = 0; path = GREVocabTests.xctest; sourceTree = BUILT_PRODUCTS_DIR; };
		E43B07D91849B37D00C93772 /* XCTest.framework */ = {isa = PBXFileReference; lastKnownFileType = wrapper.framework; name = XCTest.framework; path = Library/Frameworks/XCTest.framework; sourceTree = DEVELOPER_DIR; };
		E43B07E11849B37D00C93772 /* GREVocabTests-Info.plist */ = {isa = PBXFileReference; lastKnownFileType = text.plist.xml; path = "GREVocabTests-Info.plist"; sourceTree = "<group>"; };
		E43B07E31849B37D00C93772 /* en */ = {isa = PBXFileReference; lastKnownFileType = text.plist.strings; name = en; path = en.lproj/InfoPlist.strings; sourceTree = "<group>"; };
		E43B07E51849B37D00C93772 /* GREVocabTests.m */ = {isa = PBXFileReference; lastKnownFileType = sourcecode.c.objc; path = GREVocabTests.m; sourceTree = "<group>"; };
		EA1718CFA90A42A89CE98790 /* libPods.a */ = {isa = PBXFileReference; explicitFileType = archive.ar; includeInIndex = 0; path = libPods.a; sourceTree = BUILT_PRODUCTS_DIR; };
/* End PBXFileReference section */

/* Begin PBXFrameworksBuildPhase section */
		E43B07B41849B37D00C93772 /* Frameworks */ = {
			isa = PBXFrameworksBuildPhase;
			buildActionMask = 2147483647;
			files = (
				E43B07BD1849B37D00C93772 /* CoreGraphics.framework in Frameworks */,
				E43B07BF1849B37D00C93772 /* UIKit.framework in Frameworks */,
				E43B07BB1849B37D00C93772 /* Foundation.framework in Frameworks */,
				E9D1C2B288284117B49FCACC /* libPods.a in Frameworks */,
			);
			runOnlyForDeploymentPostprocessing = 0;
		};
		E43B07D51849B37D00C93772 /* Frameworks */ = {
			isa = PBXFrameworksBuildPhase;
			buildActionMask = 2147483647;
			files = (
				E43B07DA1849B37D00C93772 /* XCTest.framework in Frameworks */,
				E43B07DC1849B37D00C93772 /* UIKit.framework in Frameworks */,
				E43B07DB1849B37D00C93772 /* Foundation.framework in Frameworks */,
			);
			runOnlyForDeploymentPostprocessing = 0;
		};
/* End PBXFrameworksBuildPhase section */

/* Begin PBXGroup section */
		E43B07AE1849B37D00C93772 = {
			isa = PBXGroup;
			children = (
				E43B07C01849B37D00C93772 /* GREVocab */,
				E43B07DF1849B37D00C93772 /* GREVocabTests */,
				E43B07B91849B37D00C93772 /* Frameworks */,
				E43B07B81849B37D00C93772 /* Products */,
				0C808232E3DC4FC6A14F3A03 /* Pods.xcconfig */,
			);
			sourceTree = "<group>";
		};
		E43B07B81849B37D00C93772 /* Products */ = {
			isa = PBXGroup;
			children = (
				E43B07B71849B37D00C93772 /* GREVocab.app */,
				E43B07D81849B37D00C93772 /* GREVocabTests.xctest */,
			);
			name = Products;
			sourceTree = "<group>";
		};
		E43B07B91849B37D00C93772 /* Frameworks */ = {
			isa = PBXGroup;
			children = (
				E43B07BA1849B37D00C93772 /* Foundation.framework */,
				E43B07BC1849B37D00C93772 /* CoreGraphics.framework */,
				E43B07BE1849B37D00C93772 /* UIKit.framework */,
				E43B07D91849B37D00C93772 /* XCTest.framework */,
				EA1718CFA90A42A89CE98790 /* libPods.a */,
			);
			name = Frameworks;
			sourceTree = "<group>";
		};
		E43B07C01849B37D00C93772 /* GREVocab */ = {
			isa = PBXGroup;
			children = (
				E43B07C91849B37D00C93772 /* GVAppDelegate.h */,
				E43B07CA1849B37D00C93772 /* GVAppDelegate.m */,
				E43B07CC1849B37D00C93772 /* Main.storyboard */,
				E43B07CF1849B37D00C93772 /* GVViewController.h */,
				E43B07D01849B37D00C93772 /* GVViewController.m */,
				E43B07D21849B37D00C93772 /* Images.xcassets */,
				E43B07C11849B37D00C93772 /* Supporting Files */,
				066D528A18535CD40028EEE9 /* WordGenerator.h */,
				066D528B18535CD40028EEE9 /* WordGenerator.m */,
				066D528D1853631E0028EEE9 /* GVTableViewController.h */,
				066D528E1853631E0028EEE9 /* GVTableViewController.m */,
			);
			path = GREVocab;
			sourceTree = "<group>";
		};
		E43B07C11849B37D00C93772 /* Supporting Files */ = {
			isa = PBXGroup;
			children = (
				E43B07C21849B37D00C93772 /* GREVocab-Info.plist */,
				E43B07C31849B37D00C93772 /* InfoPlist.strings */,
				E43B07C61849B37D00C93772 /* main.m */,
				E43B07C81849B37D00C93772 /* GREVocab-Prefix.pch */,
			);
			name = "Supporting Files";
			sourceTree = "<group>";
		};
		E43B07DF1849B37D00C93772 /* GREVocabTests */ = {
			isa = PBXGroup;
			children = (
				E43B07E51849B37D00C93772 /* GREVocabTests.m */,
				E43B07E01849B37D00C93772 /* Supporting Files */,
			);
			path = GREVocabTests;
			sourceTree = "<group>";
		};
		E43B07E01849B37D00C93772 /* Supporting Files */ = {
			isa = PBXGroup;
			children = (
				E43B07E11849B37D00C93772 /* GREVocabTests-Info.plist */,
				E43B07E21849B37D00C93772 /* InfoPlist.strings */,
			);
			name = "Supporting Files";
			sourceTree = "<group>";
		};
/* End PBXGroup section */

/* Begin PBXNativeTarget section */
		E43B07B61849B37D00C93772 /* GREVocab */ = {
			isa = PBXNativeTarget;
			buildConfigurationList = E43B07E91849B37D00C93772 /* Build configuration list for PBXNativeTarget "GREVocab" */;
			buildPhases = (
				105B517D1B3F410EB0CC9BE2 /* Check Pods Manifest.lock */,
				E43B07B31849B37D00C93772 /* Sources */,
				E43B07B41849B37D00C93772 /* Frameworks */,
				E43B07B51849B37D00C93772 /* Resources */,
				BEB8725249E24DAB8732C3E5 /* Copy Pods Resources */,
			);
			buildRules = (
			);
			dependencies = (
			);
			name = GREVocab;
			productName = GREVocab;
			productReference = E43B07B71849B37D00C93772 /* GREVocab.app */;
			productType = "com.apple.product-type.application";
		};
		E43B07D71849B37D00C93772 /* GREVocabTests */ = {
			isa = PBXNativeTarget;
			buildConfigurationList = E43B07EC1849B37D00C93772 /* Build configuration list for PBXNativeTarget "GREVocabTests" */;
			buildPhases = (
				E43B07D41849B37D00C93772 /* Sources */,
				E43B07D51849B37D00C93772 /* Frameworks */,
				E43B07D61849B37D00C93772 /* Resources */,
			);
			buildRules = (
			);
			dependencies = (
				E43B07DE1849B37D00C93772 /* PBXTargetDependency */,
			);
			name = GREVocabTests;
			productName = GREVocabTests;
			productReference = E43B07D81849B37D00C93772 /* GREVocabTests.xctest */;
			productType = "com.apple.product-type.bundle.unit-test";
		};
/* End PBXNativeTarget section */

/* Begin PBXProject section */
		E43B07AF1849B37D00C93772 /* Project object */ = {
			isa = PBXProject;
			attributes = {
				CLASSPREFIX = GV;
				LastUpgradeCheck = 0500;
				ORGANIZATIONNAME = "Tera Mo labs";
				TargetAttributes = {
					E43B07B61849B37D00C93772 = {
						DevelopmentTeam = CB34G9Z4DX;
					};
					E43B07D71849B37D00C93772 = {
						TestTargetID = E43B07B61849B37D00C93772;
					};
				};
			};
			buildConfigurationList = E43B07B21849B37D00C93772 /* Build configuration list for PBXProject "GREVocab" */;
			compatibilityVersion = "Xcode 3.2";
			developmentRegion = English;
			hasScannedForEncodings = 0;
			knownRegions = (
				en,
				Base,
			);
			mainGroup = E43B07AE1849B37D00C93772;
			productRefGroup = E43B07B81849B37D00C93772 /* Products */;
			projectDirPath = "";
			projectRoot = "";
			targets = (
				E43B07B61849B37D00C93772 /* GREVocab */,
				E43B07D71849B37D00C93772 /* GREVocabTests */,
			);
		};
/* End PBXProject section */

/* Begin PBXResourcesBuildPhase section */
		E43B07B51849B37D00C93772 /* Resources */ = {
			isa = PBXResourcesBuildPhase;
			buildActionMask = 2147483647;
			files = (
				E43B07D31849B37D00C93772 /* Images.xcassets in Resources */,
				E43B07C51849B37D00C93772 /* InfoPlist.strings in Resources */,
				E43B07CE1849B37D00C93772 /* Main.storyboard in Resources */,
			);
			runOnlyForDeploymentPostprocessing = 0;
		};
		E43B07D61849B37D00C93772 /* Resources */ = {
			isa = PBXResourcesBuildPhase;
			buildActionMask = 2147483647;
			files = (
				E43B07E41849B37D00C93772 /* InfoPlist.strings in Resources */,
			);
			runOnlyForDeploymentPostprocessing = 0;
		};
/* End PBXResourcesBuildPhase section */

/* Begin PBXShellScriptBuildPhase section */
		105B517D1B3F410EB0CC9BE2 /* Check Pods Manifest.lock */ = {
			isa = PBXShellScriptBuildPhase;
			buildActionMask = 2147483647;
			files = (
			);
			inputPaths = (
			);
			name = "Check Pods Manifest.lock";
			outputPaths = (
			);
			runOnlyForDeploymentPostprocessing = 0;
			shellPath = /bin/sh;
			shellScript = "diff \"${PODS_ROOT}/../Podfile.lock\" \"${PODS_ROOT}/Manifest.lock\" > /dev/null\nif [[ $? != 0 ]] ; then\n    cat << EOM\nerror: The sandbox is not in sync with the Podfile.lock. Run 'pod install' or update your CocoaPods installation.\nEOM\n    exit 1\nfi\n";
			showEnvVarsInLog = 0;
		};
		BEB8725249E24DAB8732C3E5 /* Copy Pods Resources */ = {
			isa = PBXShellScriptBuildPhase;
			buildActionMask = 2147483647;
			files = (
			);
			inputPaths = (
			);
			name = "Copy Pods Resources";
			outputPaths = (
			);
			runOnlyForDeploymentPostprocessing = 0;
			shellPath = /bin/sh;
			shellScript = "\"${SRCROOT}/Pods/Pods-resources.sh\"\n";
			showEnvVarsInLog = 0;
		};
/* End PBXShellScriptBuildPhase section */

/* Begin PBXSourcesBuildPhase section */
		E43B07B31849B37D00C93772 /* Sources */ = {
			isa = PBXSourcesBuildPhase;
			buildActionMask = 2147483647;
			files = (
				E43B07C71849B37D00C93772 /* main.m in Sources */,
				066D528C18535CD40028EEE9 /* WordGenerator.m in Sources */,
				E43B07D11849B37D00C93772 /* GVViewController.m in Sources */,
				066D528F1853631E0028EEE9 /* GVTableViewController.m in Sources */,
				E43B07CB1849B37D00C93772 /* GVAppDelegate.m in Sources */,
			);
			runOnlyForDeploymentPostprocessing = 0;
		};
		E43B07D41849B37D00C93772 /* Sources */ = {
			isa = PBXSourcesBuildPhase;
			buildActionMask = 2147483647;
			files = (
				E43B07E61849B37D00C93772 /* GREVocabTests.m in Sources */,
			);
			runOnlyForDeploymentPostprocessing = 0;
		};
/* End PBXSourcesBuildPhase section */

/* Begin PBXTargetDependency section */
		E43B07DE1849B37D00C93772 /* PBXTargetDependency */ = {
			isa = PBXTargetDependency;
			target = E43B07B61849B37D00C93772 /* GREVocab */;
			targetProxy = E43B07DD1849B37D00C93772 /* PBXContainerItemProxy */;
		};
/* End PBXTargetDependency section */

/* Begin PBXVariantGroup section */
		E43B07C31849B37D00C93772 /* InfoPlist.strings */ = {
			isa = PBXVariantGroup;
			children = (
				E43B07C41849B37D00C93772 /* en */,
			);
			name = InfoPlist.strings;
			sourceTree = "<group>";
		};
		E43B07CC1849B37D00C93772 /* Main.storyboard */ = {
			isa = PBXVariantGroup;
			children = (
				E43B07CD1849B37D00C93772 /* Base */,
			);
			name = Main.storyboard;
			sourceTree = "<group>";
		};
		E43B07E21849B37D00C93772 /* InfoPlist.strings */ = {
			isa = PBXVariantGroup;
			children = (
				E43B07E31849B37D00C93772 /* en */,
			);
			name = InfoPlist.strings;
			sourceTree = "<group>";
		};
/* End PBXVariantGroup section */

/* Begin XCBuildConfiguration section */
		E43B07E71849B37D00C93772 /* Debug */ = {
			isa = XCBuildConfiguration;
			buildSettings = {
				ALWAYS_SEARCH_USER_PATHS = NO;
				ARCHS = "$(ARCHS_STANDARD_INCLUDING_64_BIT)";
				CLANG_CXX_LANGUAGE_STANDARD = "gnu++0x";
				CLANG_CXX_LIBRARY = "libc++";
				CLANG_ENABLE_MODULES = YES;
				CLANG_ENABLE_OBJC_ARC = YES;
				CLANG_WARN_BOOL_CONVERSION = YES;
				CLANG_WARN_CONSTANT_CONVERSION = YES;
				CLANG_WARN_DIRECT_OBJC_ISA_USAGE = YES_ERROR;
				CLANG_WARN_EMPTY_BODY = YES;
				CLANG_WARN_ENUM_CONVERSION = YES;
				CLANG_WARN_INT_CONVERSION = YES;
				CLANG_WARN_OBJC_ROOT_CLASS = YES_ERROR;
				CLANG_WARN__DUPLICATE_METHOD_MATCH = YES;
				"CODE_SIGN_IDENTITY[sdk=iphoneos*]" = "iPhone Developer";
				COPY_PHASE_STRIP = NO;
				GCC_C_LANGUAGE_STANDARD = gnu99;
				GCC_DYNAMIC_NO_PIC = NO;
				GCC_OPTIMIZATION_LEVEL = 0;
				GCC_PREPROCESSOR_DEFINITIONS = (
					"DEBUG=1",
					"$(inherited)",
				);
				GCC_SYMBOLS_PRIVATE_EXTERN = NO;
				GCC_WARN_64_TO_32_BIT_CONVERSION = YES;
				GCC_WARN_ABOUT_RETURN_TYPE = YES_ERROR;
				GCC_WARN_UNDECLARED_SELECTOR = YES;
				GCC_WARN_UNINITIALIZED_AUTOS = YES;
				GCC_WARN_UNUSED_FUNCTION = YES;
				GCC_WARN_UNUSED_VARIABLE = YES;
				IPHONEOS_DEPLOYMENT_TARGET = 7.0;
				ONLY_ACTIVE_ARCH = YES;
				SDKROOT = iphoneos;
			};
			name = Debug;
		};
		E43B07E81849B37D00C93772 /* Release */ = {
			isa = XCBuildConfiguration;
			buildSettings = {
				ALWAYS_SEARCH_USER_PATHS = NO;
				ARCHS = "$(ARCHS_STANDARD_INCLUDING_64_BIT)";
				CLANG_CXX_LANGUAGE_STANDARD = "gnu++0x";
				CLANG_CXX_LIBRARY = "libc++";
				CLANG_ENABLE_MODULES = YES;
				CLANG_ENABLE_OBJC_ARC = YES;
				CLANG_WARN_BOOL_CONVERSION = YES;
				CLANG_WARN_CONSTANT_CONVERSION = YES;
				CLANG_WARN_DIRECT_OBJC_ISA_USAGE = YES_ERROR;
				CLANG_WARN_EMPTY_BODY = YES;
				CLANG_WARN_ENUM_CONVERSION = YES;
				CLANG_WARN_INT_CONVERSION = YES;
				CLANG_WARN_OBJC_ROOT_CLASS = YES_ERROR;
				CLANG_WARN__DUPLICATE_METHOD_MATCH = YES;
				"CODE_SIGN_IDENTITY[sdk=iphoneos*]" = "iPhone Developer";
				COPY_PHASE_STRIP = YES;
				ENABLE_NS_ASSERTIONS = NO;
				GCC_C_LANGUAGE_STANDARD = gnu99;
				GCC_WARN_64_TO_32_BIT_CONVERSION = YES;
				GCC_WARN_ABOUT_RETURN_TYPE = YES_ERROR;
				GCC_WARN_UNDECLARED_SELECTOR = YES;
				GCC_WARN_UNINITIALIZED_AUTOS = YES;
				GCC_WARN_UNUSED_FUNCTION = YES;
				GCC_WARN_UNUSED_VARIABLE = YES;
				IPHONEOS_DEPLOYMENT_TARGET = 7.0;
				SDKROOT = iphoneos;
				VALIDATE_PRODUCT = YES;
			};
			name = Release;
		};
		E43B07EA1849B37D00C93772 /* Debug */ = {
			isa = XCBuildConfiguration;
			baseConfigurationReference = 0C808232E3DC4FC6A14F3A03 /* Pods.xcconfig */;
			buildSettings = {
				ASSETCATALOG_COMPILER_APPICON_NAME = AppIcon;
				ASSETCATALOG_COMPILER_LAUNCHIMAGE_NAME = LaunchImage;
				CODE_SIGN_IDENTITY = "iPhone Developer";
				"CODE_SIGN_IDENTITY[sdk=iphoneos*]" = "iPhone Developer";
				GCC_PRECOMPILE_PREFIX_HEADER = YES;
				GCC_PREFIX_HEADER = "GREVocab/GREVocab-Prefix.pch";
				INFOPLIST_FILE = "GREVocab/GREVocab-Info.plist";
				PRODUCT_NAME = "$(TARGET_NAME)";
				PROVISIONING_PROFILE = "";
				WRAPPER_EXTENSION = app;
			};
			name = Debug;
		};
		E43B07EB1849B37D00C93772 /* Release */ = {
			isa = XCBuildConfiguration;
			baseConfigurationReference = 0C808232E3DC4FC6A14F3A03 /* Pods.xcconfig */;
			buildSettings = {
				ASSETCATALOG_COMPILER_APPICON_NAME = AppIcon;
				ASSETCATALOG_COMPILER_LAUNCHIMAGE_NAME = LaunchImage;
				CODE_SIGN_IDENTITY = "iPhone Developer";
				"CODE_SIGN_IDENTITY[sdk=iphoneos*]" = "iPhone Developer";
				GCC_PRECOMPILE_PREFIX_HEADER = YES;
				GCC_PREFIX_HEADER = "GREVocab/GREVocab-Prefix.pch";
				INFOPLIST_FILE = "GREVocab/GREVocab-Info.plist";
				PRODUCT_NAME = "$(TARGET_NAME)";
				PROVISIONING_PROFILE = "";
				WRAPPER_EXTENSION = app;
			};
			name = Release;
		};
		E43B07ED1849B37D00C93772 /* Debug */ = {
			isa = XCBuildConfiguration;
			buildSettings = {
				ARCHS = "$(ARCHS_STANDARD_INCLUDING_64_BIT)";
				BUNDLE_LOADER = "$(BUILT_PRODUCTS_DIR)/GREVocab.app/GREVocab";
				FRAMEWORK_SEARCH_PATHS = (
					"$(SDKROOT)/Developer/Library/Frameworks",
					"$(inherited)",
					"$(DEVELOPER_FRAMEWORKS_DIR)",
				);
				GCC_PRECOMPILE_PREFIX_HEADER = YES;
				GCC_PREFIX_HEADER = "GREVocab/GREVocab-Prefix.pch";
				GCC_PREPROCESSOR_DEFINITIONS = (
					"DEBUG=1",
					"$(inherited)",
				);
				INFOPLIST_FILE = "GREVocabTests/GREVocabTests-Info.plist";
				PRODUCT_NAME = "$(TARGET_NAME)";
				TEST_HOST = "$(BUNDLE_LOADER)";
				WRAPPER_EXTENSION = xctest;
			};
			name = Debug;
		};
		E43B07EE1849B37D00C93772 /* Release */ = {
			isa = XCBuildConfiguration;
			buildSettings = {
				ARCHS = "$(ARCHS_STANDARD_INCLUDING_64_BIT)";
				BUNDLE_LOADER = "$(BUILT_PRODUCTS_DIR)/GREVocab.app/GREVocab";
				FRAMEWORK_SEARCH_PATHS = (
					"$(SDKROOT)/Developer/Library/Frameworks",
					"$(inherited)",
					"$(DEVELOPER_FRAMEWORKS_DIR)",
				);
				GCC_PRECOMPILE_PREFIX_HEADER = YES;
				GCC_PREFIX_HEADER = "GREVocab/GREVocab-Prefix.pch";
				INFOPLIST_FILE = "GREVocabTests/GREVocabTests-Info.plist";
				PRODUCT_NAME = "$(TARGET_NAME)";
				TEST_HOST = "$(BUNDLE_LOADER)";
				WRAPPER_EXTENSION = xctest;
			};
			name = Release;
		};
/* End XCBuildConfiguration section */

/* Begin XCConfigurationList section */
		E43B07B21849B37D00C93772 /* Build configuration list for PBXProject "GREVocab" */ = {
			isa = XCConfigurationList;
			buildConfigurations = (
				E43B07E71849B37D00C93772 /* Debug */,
				E43B07E81849B37D00C93772 /* Release */,
			);
			defaultConfigurationIsVisible = 0;
			defaultConfigurationName = Release;
		};
		E43B07E91849B37D00C93772 /* Build configuration list for PBXNativeTarget "GREVocab" */ = {
			isa = XCConfigurationList;
			buildConfigurations = (
				E43B07EA1849B37D00C93772 /* Debug */,
				E43B07EB1849B37D00C93772 /* Release */,
			);
			defaultConfigurationIsVisible = 0;
			defaultConfigurationName = Release;
		};
		E43B07EC1849B37D00C93772 /* Build configuration list for PBXNativeTarget "GREVocabTests" */ = {
			isa = XCConfigurationList;
			buildConfigurations = (
				E43B07ED1849B37D00C93772 /* Debug */,
				E43B07EE1849B37D00C93772 /* Release */,
			);
			defaultConfigurationIsVisible = 0;
			defaultConfigurationName = Release;
		};
/* End XCConfigurationList section */
	};
	rootObject = E43B07AF1849B37D00C93772 /* Project object */;
}
